<?xml version="1.0" encoding="UTF-8" standalone="yes" ?>
<CodeBlocks_project_file>
	<FileVersion major="1" minor="6" />
	<Project>
		<Option title="sorcery" />
		<Option pch_mode="2" />
		<Option compiler="gcc" />
		<Build>
			<Target title="Debug">
				<Option output="build/sorcery" prefix_auto="1" extension_auto="1" />
				<Option working_dir="build/" />
				<Option object_output="build/obj/debug/" />
				<Option type="1" />
				<Option compiler="gcc" />
				<Option use_console_runner="0" />
				<Option parameters="--skip-intro -go-to-compendium" />
				<Compiler>
					<Add option="-pg" />
					<Add option="-g" />
				</Compiler>
				<Linker>
					<Add option="-pg" />
				</Linker>
			</Target>
			<Target title="Release">
				<Option output="build/sorcery" prefix_auto="1" extension_auto="1" />
				<Option working_dir="build/" />
				<Option object_output="build/obj/release/" />
				<Option type="1" />
				<Option compiler="gcc" />
				<Option use_console_runner="0" />
				<Compiler>
					<Add option="-O2" />
				</Compiler>
				<Linker>
					<Add option="-s" />
				</Linker>
			</Target>
		</Build>
		<Compiler>
			<Add option="-Winit-self" />
			<Add option="-Wredundant-decls" />
			<Add option="-Wcast-align" />
			<Add option="-Wunreachable-code" />
			<Add option="-Wmissing-declarations" />
			<Add option="-Wswitch-default" />
			<Add option="-pedantic" />
			<Add option="-Wfatal-errors" />
			<Add option="-Wextra" />
			<Add option="-Wall" />
			<Add option="-g" />
			<Add option="-std=c++20" />
			<Add option="-Wmissing-include-dirs" />
			<Add option="-pthread" />
			<Add option="-Wl,-rpath=/usr/local/lib" />
			<Add option="-fpic" />
			<Add option="-Wpedantic" />
			<Add option="-Wunused" />
			<Add option="-Wignored-qualifiers" />
			<Add option="-Wformat-nonliteral" />
			<Add option="-Wformat=2" />
			<Add option="-Winvalid-pch" />
			<Add option="-Wmissing-format-attribute" />
			<Add option="-Wodr" />
			<Add directory="inc" />
			<Add directory="inc/3rdparty" />
			<Add directory="/usr/include/X11" />
		</Compiler>
		<Linker>
			<Add option="-lstdc++fs" />
			<Add option="-lX11" />
			<Add option="-lsfml-graphics" />
			<Add option="-lsfml-audio" />
			<Add option="-lsfml-network" />
			<Add option="-lsfml-window" />
			<Add option="-lsfml-system" />
			<Add option="-lsqlite3" />
			<Add option="-lsfeMovie" />
			<Add option="-ljsoncpp" />
			<Add option="-lthor" />
			<Add option="-lpthread" />
			<Add option="-lfmt" />
			<Add option="-luuid" />
			<Add option="-lbfd" />
			<Add option="-ldl" />
			<Add option="-ltgui" />
			<Add option="-lunwind" />
			<Add directory="inc/backwardcpp" />
		</Linker>
		<ExtraCommands>
			<Add after='mkdir -p &quot;$(TARGET_OUTPUT_DIR)/cfg&quot;' />
			<Add after='mkdir -p &quot;$(TARGET_OUTPUT_DIR)/dat&quot;' />
			<Add after='mkdir -p &quot;$(TARGET_OUTPUT_DIR)/doc&quot;' />
			<Add after='mkdir -p &quot;$(TARGET_OUTPUT_DIR)/gfx&quot;' />
			<Add after='mkdir -p &quot;$(TARGET_OUTPUT_DIR)/gui&quot;' />
			<Add after='mkdir -p &quot;$(TARGET_OUTPUT_DIR)/vfx&quot;' />
			<Add after='cp -r &quot;$(PROJECT_DIR)/cfg/&quot;* &quot;$(TARGET_OUTPUT_DIR)/cfg/&quot;' />
			<Add after='cp -r &quot;$(PROJECT_DIR)/dat/&quot;* &quot;$(TARGET_OUTPUT_DIR)/dat/&quot;' />
			<Add after='cp -r &quot;$(PROJECT_DIR)/doc/&quot;* &quot;$(TARGET_OUTPUT_DIR)/doc/&quot;' />
			<Add after='cp -r &quot;$(PROJECT_DIR)/gfx/&quot;* &quot;$(TARGET_OUTPUT_DIR)/gfx/&quot;' />
			<Add after='cp -r &quot;$(PROJECT_DIR)/gui/&quot;* &quot;$(TARGET_OUTPUT_DIR)/gui/&quot;' />
			<Add after='cp -r &quot;$(PROJECT_DIR)/vfx/&quot;* &quot;$(TARGET_OUTPUT_DIR)/vfx/&quot;' />
			<Mode after="always" />
		</ExtraCommands>
		<Unit filename="cfg/config.ini" />
		<Unit filename="dat/explain.json" />
		<Unit filename="dat/icons.json" />
		<Unit filename="dat/layout.json" />
		<Unit filename="dat/layout.txt" />
		<Unit filename="dat/monospace.otf" />
		<Unit filename="dat/monsters.json" />
		<Unit filename="dat/proportional.ttf" />
		<Unit filename="dat/sorcery.db3" />
		<Unit filename="dat/strings.json" />
		<Unit filename="doc/COMPILE" />
		<Unit filename="doc/HELP" />
		<Unit filename="doc/LICENSE" />
		<Unit filename="doc/README" />
		<Unit filename="doc/VERSION" />
		<Unit filename="gfx/background.png" />
		<Unit filename="gfx/banner.png" />
		<Unit filename="gfx/controls.png" />
		<Unit filename="gfx/creatures.png" />
		<Unit filename="gfx/icons.png" />
		<Unit filename="gfx/logo.png" />
		<Unit filename="gfx/ninepatch.png" />
		<Unit filename="gfx/potraits.png" />
		<Unit filename="gfx/splash.png" />
		<Unit filename="gfx/town.png" />
		<Unit filename="gfx/ui.png" />
		<Unit filename="gfx/view.png" />
		<Unit filename="inc/3rdparty/backwardcpp/backward.hpp" />
		<Unit filename="inc/3rdparty/cereal/access.hpp" />
		<Unit filename="inc/3rdparty/cereal/archives/adapters.hpp" />
		<Unit filename="inc/3rdparty/cereal/archives/binary.hpp" />
		<Unit filename="inc/3rdparty/cereal/archives/json.hpp" />
		<Unit filename="inc/3rdparty/cereal/archives/portable_binary.hpp" />
		<Unit filename="inc/3rdparty/cereal/archives/xml.hpp" />
		<Unit filename="inc/3rdparty/cereal/cereal.hpp" />
		<Unit filename="inc/3rdparty/cereal/details/helpers.hpp" />
		<Unit filename="inc/3rdparty/cereal/details/polymorphic_impl.hpp" />
		<Unit filename="inc/3rdparty/cereal/details/polymorphic_impl_fwd.hpp" />
		<Unit filename="inc/3rdparty/cereal/details/static_object.hpp" />
		<Unit filename="inc/3rdparty/cereal/details/traits.hpp" />
		<Unit filename="inc/3rdparty/cereal/details/util.hpp" />
		<Unit filename="inc/3rdparty/cereal/external/base64.hpp" />
		<Unit filename="inc/3rdparty/cereal/external/rapidjson/allocators.h" />
		<Unit filename="inc/3rdparty/cereal/external/rapidjson/cursorstreamwrapper.h" />
		<Unit filename="inc/3rdparty/cereal/external/rapidjson/document.h" />
		<Unit filename="inc/3rdparty/cereal/external/rapidjson/encodedstream.h" />
		<Unit filename="inc/3rdparty/cereal/external/rapidjson/encodings.h" />
		<Unit filename="inc/3rdparty/cereal/external/rapidjson/error/en.h" />
		<Unit filename="inc/3rdparty/cereal/external/rapidjson/error/error.h" />
		<Unit filename="inc/3rdparty/cereal/external/rapidjson/filereadstream.h" />
		<Unit filename="inc/3rdparty/cereal/external/rapidjson/filewritestream.h" />
		<Unit filename="inc/3rdparty/cereal/external/rapidjson/fwd.h" />
		<Unit filename="inc/3rdparty/cereal/external/rapidjson/internal/biginteger.h" />
		<Unit filename="inc/3rdparty/cereal/external/rapidjson/internal/diyfp.h" />
		<Unit filename="inc/3rdparty/cereal/external/rapidjson/internal/dtoa.h" />
		<Unit filename="inc/3rdparty/cereal/external/rapidjson/internal/ieee754.h" />
		<Unit filename="inc/3rdparty/cereal/external/rapidjson/internal/itoa.h" />
		<Unit filename="inc/3rdparty/cereal/external/rapidjson/internal/meta.h" />
		<Unit filename="inc/3rdparty/cereal/external/rapidjson/internal/pow10.h" />
		<Unit filename="inc/3rdparty/cereal/external/rapidjson/internal/regex.h" />
		<Unit filename="inc/3rdparty/cereal/external/rapidjson/internal/stack.h" />
		<Unit filename="inc/3rdparty/cereal/external/rapidjson/internal/strfunc.h" />
		<Unit filename="inc/3rdparty/cereal/external/rapidjson/internal/strtod.h" />
		<Unit filename="inc/3rdparty/cereal/external/rapidjson/internal/swap.h" />
		<Unit filename="inc/3rdparty/cereal/external/rapidjson/istreamwrapper.h" />
		<Unit filename="inc/3rdparty/cereal/external/rapidjson/memorybuffer.h" />
		<Unit filename="inc/3rdparty/cereal/external/rapidjson/memorystream.h" />
		<Unit filename="inc/3rdparty/cereal/external/rapidjson/msinttypes/inttypes.h" />
		<Unit filename="inc/3rdparty/cereal/external/rapidjson/msinttypes/stdint.h" />
		<Unit filename="inc/3rdparty/cereal/external/rapidjson/ostreamwrapper.h" />
		<Unit filename="inc/3rdparty/cereal/external/rapidjson/pointer.h" />
		<Unit filename="inc/3rdparty/cereal/external/rapidjson/prettywriter.h" />
		<Unit filename="inc/3rdparty/cereal/external/rapidjson/rapidjson.h" />
		<Unit filename="inc/3rdparty/cereal/external/rapidjson/reader.h" />
		<Unit filename="inc/3rdparty/cereal/external/rapidjson/schema.h" />
		<Unit filename="inc/3rdparty/cereal/external/rapidjson/stream.h" />
		<Unit filename="inc/3rdparty/cereal/external/rapidjson/stringbuffer.h" />
		<Unit filename="inc/3rdparty/cereal/external/rapidjson/writer.h" />
		<Unit filename="inc/3rdparty/cereal/external/rapidxml/rapidxml.hpp" />
		<Unit filename="inc/3rdparty/cereal/external/rapidxml/rapidxml_iterators.hpp" />
		<Unit filename="inc/3rdparty/cereal/external/rapidxml/rapidxml_print.hpp" />
		<Unit filename="inc/3rdparty/cereal/external/rapidxml/rapidxml_utils.hpp" />
		<Unit filename="inc/3rdparty/cereal/macros.hpp" />
		<Unit filename="inc/3rdparty/cereal/specialize.hpp" />
		<Unit filename="inc/3rdparty/cereal/types/array.hpp" />
		<Unit filename="inc/3rdparty/cereal/types/atomic.hpp" />
		<Unit filename="inc/3rdparty/cereal/types/base_class.hpp" />
		<Unit filename="inc/3rdparty/cereal/types/bitset.hpp" />
		<Unit filename="inc/3rdparty/cereal/types/boost_variant.hpp" />
		<Unit filename="inc/3rdparty/cereal/types/chrono.hpp" />
		<Unit filename="inc/3rdparty/cereal/types/common.hpp" />
		<Unit filename="inc/3rdparty/cereal/types/complex.hpp" />
		<Unit filename="inc/3rdparty/cereal/types/concepts/pair_associative_container.hpp" />
		<Unit filename="inc/3rdparty/cereal/types/deque.hpp" />
		<Unit filename="inc/3rdparty/cereal/types/forward_list.hpp" />
		<Unit filename="inc/3rdparty/cereal/types/functional.hpp" />
		<Unit filename="inc/3rdparty/cereal/types/list.hpp" />
		<Unit filename="inc/3rdparty/cereal/types/map.hpp" />
		<Unit filename="inc/3rdparty/cereal/types/memory.hpp" />
		<Unit filename="inc/3rdparty/cereal/types/optional.hpp" />
		<Unit filename="inc/3rdparty/cereal/types/polymorphic.hpp" />
		<Unit filename="inc/3rdparty/cereal/types/queue.hpp" />
		<Unit filename="inc/3rdparty/cereal/types/set.hpp" />
		<Unit filename="inc/3rdparty/cereal/types/stack.hpp" />
		<Unit filename="inc/3rdparty/cereal/types/string.hpp" />
		<Unit filename="inc/3rdparty/cereal/types/tuple.hpp" />
		<Unit filename="inc/3rdparty/cereal/types/unordered_map.hpp" />
		<Unit filename="inc/3rdparty/cereal/types/unordered_set.hpp" />
		<Unit filename="inc/3rdparty/cereal/types/utility.hpp" />
		<Unit filename="inc/3rdparty/cereal/types/valarray.hpp" />
		<Unit filename="inc/3rdparty/cereal/types/variant.hpp" />
		<Unit filename="inc/3rdparty/cereal/types/vector.hpp" />
		<Unit filename="inc/3rdparty/cereal/version.hpp" />
		<Unit filename="inc/3rdparty/magicenum/magic_enum.hpp" />
		<Unit filename="inc/3rdparty/sfemovie/sfeMovie/Movie.hpp" />
		<Unit filename="inc/3rdparty/sfemovie/sfeMovie/StreamSelection.hpp" />
		<Unit filename="inc/3rdparty/sfemovie/sfeMovie/Visibility.hpp" />
		<Unit filename="inc/3rdparty/simpleini/ConvertUTF.h" />
		<Unit filename="inc/3rdparty/simpleini/SimpleIni.h" />
		<Unit filename="inc/3rdparty/sqlitemoderncpp/sqlite_modern_cpp.h" />
		<Unit filename="inc/3rdparty/sqlitemoderncpp/sqlite_modern_cpp/errors.h" />
		<Unit filename="inc/3rdparty/sqlitemoderncpp/sqlite_modern_cpp/lists/error_codes.h" />
		<Unit filename="inc/3rdparty/sqlitemoderncpp/sqlite_modern_cpp/log.h" />
		<Unit filename="inc/3rdparty/sqlitemoderncpp/sqlite_modern_cpp/sqlcipher.h" />
		<Unit filename="inc/3rdparty/sqlitemoderncpp/sqlite_modern_cpp/utility/function_traits.h" />
		<Unit filename="inc/3rdparty/sqlitemoderncpp/sqlite_modern_cpp/utility/uncaught_exceptions.h" />
		<Unit filename="inc/3rdparty/sqlitemoderncpp/sqlite_modern_cpp/utility/utf16_utf8.h" />
		<Unit filename="inc/3rdparty/sqlitemoderncpp/sqlite_modern_cpp/utility/variant.h" />
		<Unit filename="inc/core/animation.hpp" />
		<Unit filename="inc/core/application.hpp" />
		<Unit filename="inc/core/config.hpp" />
		<Unit filename="inc/core/database.hpp" />
		<Unit filename="inc/core/display.hpp" />
		<Unit filename="inc/core/game.hpp" />
		<Unit filename="inc/core/graphics.hpp" />
		<Unit filename="inc/core/input.hpp" />
		<Unit filename="inc/core/platform.hpp" />
		<Unit filename="inc/core/random.hpp" />
		<Unit filename="inc/core/state.hpp" />
		<Unit filename="inc/core/system.hpp" />
		<Unit filename="inc/core/window.hpp" />
		<Unit filename="inc/define.hpp" />
		<Unit filename="inc/engine/cast.hpp" />
		<Unit filename="inc/engine/disarm.hpp" />
		<Unit filename="inc/engine/drop.hpp" />
		<Unit filename="inc/engine/encounter.hpp" />
		<Unit filename="inc/engine/engine.hpp" />
		<Unit filename="inc/engine/equip.hpp" />
		<Unit filename="inc/engine/event.hpp" />
		<Unit filename="inc/engine/graveyard.hpp" />
		<Unit filename="inc/engine/identify.hpp" />
		<Unit filename="inc/engine/inspect.hpp" />
		<Unit filename="inc/engine/loot.hpp" />
		<Unit filename="inc/engine/open.hpp" />
		<Unit filename="inc/engine/read.hpp" />
		<Unit filename="inc/engine/render.hpp" />
		<Unit filename="inc/engine/reorder.hpp" />
		<Unit filename="inc/engine/rest.hpp" />
		<Unit filename="inc/engine/search.hpp" />
		<Unit filename="inc/engine/searching.hpp" />
		<Unit filename="inc/engine/teleport.hpp" />
		<Unit filename="inc/engine/trade.hpp" />
		<Unit filename="inc/engine/trap.hpp" />
		<Unit filename="inc/engine/treasure.hpp" />
		<Unit filename="inc/engine/uncurse.hpp" />
		<Unit filename="inc/engine/use.hpp" />
		<Unit filename="inc/engine/view.hpp" />
		<Unit filename="inc/engine/win.hpp" />
		<Unit filename="inc/engine/wish.hpp" />
		<Unit filename="inc/enum.hpp" />
		<Unit filename="inc/frontend/attractmode.hpp" />
		<Unit filename="inc/frontend/banner.hpp" />
		<Unit filename="inc/frontend/bestiary.hpp" />
		<Unit filename="inc/frontend/compendium.hpp" />
		<Unit filename="inc/frontend/gazetteer.hpp" />
		<Unit filename="inc/frontend/license.hpp" />
		<Unit filename="inc/frontend/mainmenu.hpp" />
		<Unit filename="inc/frontend/museum.hpp" />
		<Unit filename="inc/frontend/options.hpp" />
		<Unit filename="inc/frontend/spellbook.hpp" />
		<Unit filename="inc/frontend/splash.hpp" />
		<Unit filename="inc/frontend/statistics.hpp" />
		<Unit filename="inc/gui/allocatepanel.hpp" />
		<Unit filename="inc/gui/attributedisplay.hpp" />
		<Unit filename="inc/gui/automap.hpp" />
		<Unit filename="inc/gui/buffbar.hpp" />
		<Unit filename="inc/gui/characterdisplay.hpp" />
		<Unit filename="inc/gui/characterpanel.hpp" />
		<Unit filename="inc/gui/compass.hpp" />
		<Unit filename="inc/gui/console.hpp" />
		<Unit filename="inc/gui/controloverlay.hpp" />
		<Unit filename="inc/gui/debuffbar.hpp" />
		<Unit filename="inc/gui/dialog.hpp" />
		<Unit filename="inc/gui/frame.hpp" />
		<Unit filename="inc/gui/iconpanel.hpp" />
		<Unit filename="inc/gui/infopanel.hpp" />
		<Unit filename="inc/gui/inventorydisplay.hpp" />
		<Unit filename="inc/gui/itemdisplay.hpp" />
		<Unit filename="inc/gui/keyboard.hpp" />
		<Unit filename="inc/gui/map.hpp" />
		<Unit filename="inc/gui/menu.hpp" />
		<Unit filename="inc/gui/partypanel.hpp" />
		<Unit filename="inc/gui/spellpanel.hpp" />
		<Unit filename="inc/gui/text.hpp" />
		<Unit filename="inc/gui/textpanel.hpp" />
		<Unit filename="inc/macro.hpp" />
		<Unit filename="inc/main.hpp" />
		<Unit filename="inc/modules/buy.hpp" />
		<Unit filename="inc/modules/castle.hpp" />
		<Unit filename="inc/modules/changeclass.hpp" />
		<Unit filename="inc/modules/changename.hpp" />
		<Unit filename="inc/modules/create.hpp" />
		<Unit filename="inc/modules/edgeoftown.hpp" />
		<Unit filename="inc/modules/edit.hpp" />
		<Unit filename="inc/modules/inn.hpp" />
		<Unit filename="inc/modules/legate.hpp" />
		<Unit filename="inc/modules/restart.hpp" />
		<Unit filename="inc/modules/roster.hpp" />
		<Unit filename="inc/modules/sell.hpp" />
		<Unit filename="inc/modules/shop.hpp" />
		<Unit filename="inc/modules/tavern.hpp" />
		<Unit filename="inc/modules/temple.hpp" />
		<Unit filename="inc/modules/training.hpp" />
		<Unit filename="inc/resources/componentstore.hpp" />
		<Unit filename="inc/resources/filestore.hpp" />
		<Unit filename="inc/resources/iconstore.hpp" />
		<Unit filename="inc/resources/itemstore.hpp" />
		<Unit filename="inc/resources/levelstore.hpp" />
		<Unit filename="inc/resources/monsterstore.hpp" />
		<Unit filename="inc/resources/resourcemanager.hpp" />
		<Unit filename="inc/resources/spellstore.hpp" />
		<Unit filename="inc/resources/stringstore.hpp" />
		<Unit filename="inc/resources/texturestore.hpp" />
		<Unit filename="inc/types/character.hpp" />
		<Unit filename="inc/types/component.hpp" />
		<Unit filename="inc/types/error.hpp" />
		<Unit filename="inc/types/explore.hpp" />
		<Unit filename="inc/types/inventory.hpp" />
		<Unit filename="inc/types/item.hpp" />
		<Unit filename="inc/types/itemtype.hpp" />
		<Unit filename="inc/types/level.hpp" />
		<Unit filename="inc/types/monster.hpp" />
		<Unit filename="inc/types/monstertype.hpp" />
		<Unit filename="inc/types/textfile.hpp" />
		<Unit filename="inc/types/tile.hpp" />
		<Unit filename="inc/types/type.hpp" />
		<Unit filename="src/core/CMakeLists.txt" />
		<Unit filename="src/core/animation.cpp" />
		<Unit filename="src/core/application.cpp" />
		<Unit filename="src/core/config.cpp" />
		<Unit filename="src/core/database.cpp" />
		<Unit filename="src/core/display.cpp" />
		<Unit filename="src/core/game.cpp" />
		<Unit filename="src/core/graphics.cpp" />
		<Unit filename="src/core/input.cpp" />
		<Unit filename="src/core/platform.cpp" />
		<Unit filename="src/core/random.cpp" />
		<Unit filename="src/core/state.cpp" />
		<Unit filename="src/core/system.cpp" />
		<Unit filename="src/core/window.cpp" />
		<Unit filename="src/engine/CMakeLists.txt" />
		<Unit filename="src/engine/cast.cpp" />
		<Unit filename="src/engine/disarm.cpp" />
		<Unit filename="src/engine/drop.cpp" />
		<Unit filename="src/engine/encounter.cpp" />
		<Unit filename="src/engine/engine.cpp" />
		<Unit filename="src/engine/equip.cpp" />
		<Unit filename="src/engine/event.cpp" />
		<Unit filename="src/engine/graveyard.cpp" />
		<Unit filename="src/engine/identify.cpp" />
		<Unit filename="src/engine/inspect.cpp" />
		<Unit filename="src/engine/loot.cpp" />
		<Unit filename="src/engine/open.cpp" />
		<Unit filename="src/engine/read.cpp" />
		<Unit filename="src/engine/render.cpp" />
		<Unit filename="src/engine/reorder.cpp" />
		<Unit filename="src/engine/rest.cpp" />
		<Unit filename="src/engine/search.cpp" />
		<Unit filename="src/engine/searching.cpp" />
		<Unit filename="src/engine/teleport.cpp" />
		<Unit filename="src/engine/trade.cpp" />
		<Unit filename="src/engine/trap.cpp" />
		<Unit filename="src/engine/treasure.cpp" />
		<Unit filename="src/engine/uncurse.cpp" />
		<Unit filename="src/engine/use.cpp" />
		<Unit filename="src/engine/view.cpp" />
		<Unit filename="src/engine/win.cpp" />
		<Unit filename="src/engine/wish.cpp" />
		<Unit filename="src/frontend/CMakeLists.txt" />
		<Unit filename="src/frontend/attractmode.cpp" />
		<Unit filename="src/frontend/banner.cpp" />
		<Unit filename="src/frontend/bestiary.cpp" />
		<Unit filename="src/frontend/compendium.cpp" />
		<Unit filename="src/frontend/gazetteer.cpp" />
		<Unit filename="src/frontend/license.cpp" />
		<Unit filename="src/frontend/mainmenu.cpp" />
		<Unit filename="src/frontend/museum.cpp" />
		<Unit filename="src/frontend/options.cpp" />
		<Unit filename="src/frontend/spellbook.cpp" />
		<Unit filename="src/frontend/splash.cpp" />
		<Unit filename="src/frontend/statistics.cpp" />
		<Unit filename="src/gui/CMakeLists.txt" />
		<Unit filename="src/gui/allocatepanel.cpp" />
		<Unit filename="src/gui/attributedisplay.cpp" />
		<Unit filename="src/gui/automap.cpp" />
		<Unit filename="src/gui/buffbar.cpp" />
		<Unit filename="src/gui/characterdisplay.cpp" />
		<Unit filename="src/gui/characterpanel.cpp" />
		<Unit filename="src/gui/compass.cpp" />
		<Unit filename="src/gui/console.cpp" />
		<Unit filename="src/gui/controloverlay.cpp" />
		<Unit filename="src/gui/debuffbar.cpp" />
		<Unit filename="src/gui/dialog.cpp" />
		<Unit filename="src/gui/frame.cpp" />
		<Unit filename="src/gui/iconpanel.cpp" />
		<Unit filename="src/gui/infopanel.cpp" />
		<Unit filename="src/gui/inventorydisplay.cpp" />
		<Unit filename="src/gui/itemdisplay.cpp" />
		<Unit filename="src/gui/keyboard.cpp" />
		<Unit filename="src/gui/map.cpp" />
		<Unit filename="src/gui/menu.cpp" />
		<Unit filename="src/gui/partypanel.cpp" />
		<Unit filename="src/gui/spellpanel.cpp" />
		<Unit filename="src/gui/text.cpp" />
		<Unit filename="src/gui/textpanel.cpp" />
		<Unit filename="src/itemdefinition" />
		<Unit filename="src/main.cpp" />
		<Unit filename="src/modules/CMakeLists.txt" />
		<Unit filename="src/modules/buy.cpp" />
		<Unit filename="src/modules/castle.cpp" />
		<Unit filename="src/modules/changeclass.cpp" />
		<Unit filename="src/modules/changename.cpp" />
		<Unit filename="src/modules/create.cpp" />
		<Unit filename="src/modules/edgeoftown.cpp" />
		<Unit filename="src/modules/edit.cpp" />
		<Unit filename="src/modules/inn.cpp" />
		<Unit filename="src/modules/legate.cpp" />
		<Unit filename="src/modules/restart.cpp" />
		<Unit filename="src/modules/roster.cpp" />
		<Unit filename="src/modules/sell.cpp" />
		<Unit filename="src/modules/shop.cpp" />
		<Unit filename="src/modules/tavern.cpp" />
		<Unit filename="src/modules/temple.cpp" />
		<Unit filename="src/modules/training.cpp" />
		<Unit filename="src/resources/componentstore.cpp" />
		<Unit filename="src/resources/filestore.cpp" />
		<Unit filename="src/resources/iconstore.cpp" />
		<Unit filename="src/resources/itemstore.cpp" />
		<Unit filename="src/resources/levelstore.cpp" />
		<Unit filename="src/resources/monsterstore.cpp" />
		<Unit filename="src/resources/resourcemanager.cpp" />
		<Unit filename="src/resources/stringstore.cpp" />
		<Unit filename="src/resources/texturestore.cpp" />
		<Unit filename="src/types/CMakeLists.txt" />
		<Unit filename="src/types/character.cpp" />
		<Unit filename="src/types/component.cpp" />
		<Unit filename="src/types/error.cpp" />
		<Unit filename="src/types/explore.cpp" />
		<Unit filename="src/types/inventory.cpp" />
		<Unit filename="src/types/item.cpp" />
		<Unit filename="src/types/itemtype.cpp" />
		<Unit filename="src/types/level.cpp" />
		<Unit filename="src/types/monster.cpp" />
		<Unit filename="src/types/monstertype.cpp" />
		<Unit filename="src/types/textfile.cpp" />
		<Unit filename="src/types/tile.cpp" />
		<Unit filename="vfx/menu.mp4" />
		<Extensions />
	</Project>
</CodeBlocks_project_file>
