<?xml version="1.0" encoding="UTF-8" standalone="yes" ?>
<CodeBlocks_project_file>
	<FileVersion major="1" minor="6" />
	<Project>
		<Option title="sorcery" />
		<Option pch_mode="2" />
		<Option compiler="gcc" />
		<Build>
			<Target title="Debug">
				<Option output="bin/debug/sorcery" prefix_auto="1" extension_auto="1" />
				<Option object_output="obj/debug/" />
				<Option type="0" />
				<Option compiler="gcc" />
				<Option parameters="--skip-intro" />
				<Compiler>
					<Add option="-pg" />
					<Add option="-g" />
				</Compiler>
				<Linker>
					<Add option="-pg" />
				</Linker>
			</Target>
			<Target title="Release">
				<Option output="bin/release/sorcery" prefix_auto="1" extension_auto="1" />
				<Option object_output="obj/release/" />
				<Option type="1" />
				<Option compiler="gcc" />
				<Option use_console_runner="0" />
				<Compiler>
					<Add option="-O2" />
				</Compiler>
				<Linker>
					<Add option="-s" />
				</Linker>
			</Target>
		</Build>
		<Compiler>
			<Add option="-Winit-self" />
			<Add option="-Wredundant-decls" />
			<Add option="-Wcast-align" />
			<Add option="-Wunreachable-code" />
			<Add option="-Wmissing-declarations" />
			<Add option="-Wswitch-default" />
			<Add option="-pedantic" />
			<Add option="-Wfatal-errors" />
			<Add option="-Wextra" />
			<Add option="-Wall" />
			<Add option="-g" />
			<Add option="-std=c++20" />
			<Add option="-Wmissing-include-dirs" />
			<Add option="-pthread" />
			<Add option="-Wl,-rpath=/usr/local/lib" />
			<Add option="-fpic" />
			<Add option="-Wpedantic" />
			<Add option="-Wunused" />
			<Add option="-Wignored-qualifiers" />
			<Add option="-Wformat-nonliteral" />
			<Add option="-Wformat=2" />
			<Add option="-Winvalid-pch" />
			<Add option="-Wmissing-format-attribute" />
			<Add option="-Wodr" />
			<Add directory="inc" />
			<Add directory="inc/simpleini" />
			<Add directory="inc/sqlitemoderncpp" />
			<Add directory="inc/magicenum" />
			<Add directory="inc/backwardcpp" />
			<Add directory="inc/cereal" />
			<Add directory="inc/cereal/archives" />
			<Add directory="/usr/include/X11" />
		</Compiler>
		<Linker>
			<Add option="-lstdc++fs" />
			<Add option="-lX11" />
			<Add option="-lsfml-graphics" />
			<Add option="-lsfml-audio" />
			<Add option="-lsfml-network" />
			<Add option="-lsfml-window" />
			<Add option="-lsfml-system" />
			<Add option="-lsqlite3" />
			<Add option="-lsfeMovie" />
			<Add option="-ljsoncpp" />
			<Add option="-lthor" />
			<Add option="-lpthread" />
			<Add option="-lfmt" />
			<Add option="-luuid" />
			<Add option="-lbfd" />
			<Add option="-ldl" />
			<Add option="-ltgui" />
			<Add option="-lunwind" />
			<Add directory="inc/backwardcpp" />
		</Linker>
		<ExtraCommands>
			<Add after='mkdir -p &quot;$(TARGET_OUTPUT_DIR)/cfg&quot;' />
			<Add after='mkdir -p &quot;$(TARGET_OUTPUT_DIR)/dat&quot;' />
			<Add after='mkdir -p &quot;$(TARGET_OUTPUT_DIR)/doc&quot;' />
			<Add after='mkdir -p &quot;$(TARGET_OUTPUT_DIR)/gfx&quot;' />
			<Add after='mkdir -p &quot;$(TARGET_OUTPUT_DIR)/gui&quot;' />
			<Add after='mkdir -p &quot;$(TARGET_OUTPUT_DIR)/vfx&quot;' />
			<Add after='cp -r &quot;$(PROJECT_DIR)/cfg/&quot;* &quot;$(TARGET_OUTPUT_DIR)/cfg/&quot;' />
			<Add after='cp -r &quot;$(PROJECT_DIR)/dat/&quot;* &quot;$(TARGET_OUTPUT_DIR)/dat/&quot;' />
			<Add after='cp -r &quot;$(PROJECT_DIR)/doc/&quot;* &quot;$(TARGET_OUTPUT_DIR)/doc/&quot;' />
			<Add after='cp -r &quot;$(PROJECT_DIR)/gfx/&quot;* &quot;$(TARGET_OUTPUT_DIR)/gfx/&quot;' />
			<Add after='cp -r &quot;$(PROJECT_DIR)/gui/&quot;* &quot;$(TARGET_OUTPUT_DIR)/gui/&quot;' />
			<Add after='cp -r &quot;$(PROJECT_DIR)/vfx/&quot;* &quot;$(TARGET_OUTPUT_DIR)/vfx/&quot;' />
			<Mode after="always" />
		</ExtraCommands>
		<Unit filename="cfg/config.ini" />
		<Unit filename="dat/explain.json" />
		<Unit filename="dat/icons.json" />
		<Unit filename="dat/layout.json" />
		<Unit filename="dat/layout.txt" />
		<Unit filename="dat/monospace.otf" />
		<Unit filename="dat/monsters.json" />
		<Unit filename="dat/proportional.ttf" />
		<Unit filename="dat/sorcery.db3" />
		<Unit filename="dat/strings.json" />
		<Unit filename="doc/COMPILE" />
		<Unit filename="doc/HELP" />
		<Unit filename="doc/LICENSE" />
		<Unit filename="doc/README" />
		<Unit filename="doc/VERSION" />
		<Unit filename="gfx/background.png" />
		<Unit filename="gfx/banner.png" />
		<Unit filename="gfx/controls.png" />
		<Unit filename="gfx/creatures.png" />
		<Unit filename="gfx/icons.png" />
		<Unit filename="gfx/logo.png" />
		<Unit filename="gfx/ninepatch.png" />
		<Unit filename="gfx/potraits.png" />
		<Unit filename="gfx/splash.png" />
		<Unit filename="gfx/town.png" />
		<Unit filename="gfx/ui.png" />
		<Unit filename="gfx/view.png" />
		<Unit filename="inc/allocatepanel.hpp" />
		<Unit filename="inc/animation.hpp" />
		<Unit filename="inc/application.hpp" />
		<Unit filename="inc/attractmode.hpp" />
		<Unit filename="inc/attributedisplay.hpp" />
		<Unit filename="inc/automap.hpp" />
		<Unit filename="inc/backwardcpp/backward.hpp" />
		<Unit filename="inc/banner.hpp" />
		<Unit filename="inc/bestiary.hpp" />
		<Unit filename="inc/buffbar.hpp" />
		<Unit filename="inc/buy.hpp" />
		<Unit filename="inc/cast.hpp" />
		<Unit filename="inc/castle.hpp" />
		<Unit filename="inc/changeclass.hpp" />
		<Unit filename="inc/changename.hpp" />
		<Unit filename="inc/character.hpp" />
		<Unit filename="inc/characterdisplay.hpp" />
		<Unit filename="inc/characterpanel.hpp" />
		<Unit filename="inc/compass.hpp" />
		<Unit filename="inc/compendium.hpp" />
		<Unit filename="inc/component.hpp" />
		<Unit filename="inc/config.hpp" />
		<Unit filename="inc/console.hpp" />
		<Unit filename="inc/controloverlay.hpp" />
		<Unit filename="inc/create.hpp" />
		<Unit filename="inc/database.hpp" />
		<Unit filename="inc/debuffbar.hpp" />
		<Unit filename="inc/define.hpp" />
		<Unit filename="inc/dialog.hpp" />
		<Unit filename="inc/disarm.hpp" />
		<Unit filename="inc/display.hpp" />
		<Unit filename="inc/drop.hpp" />
		<Unit filename="inc/edgeoftown.hpp" />
		<Unit filename="inc/edit.hpp" />
		<Unit filename="inc/encounter.hpp" />
		<Unit filename="inc/engine.hpp" />
		<Unit filename="inc/enum.hpp" />
		<Unit filename="inc/equip.hpp" />
		<Unit filename="inc/error.hpp" />
		<Unit filename="inc/event.hpp" />
		<Unit filename="inc/explore.hpp" />
		<Unit filename="inc/file.hpp" />
		<Unit filename="inc/frame.hpp" />
		<Unit filename="inc/game.hpp" />
		<Unit filename="inc/gazetteer.hpp" />
		<Unit filename="inc/graphics.hpp" />
		<Unit filename="inc/graveyard.hpp" />
		<Unit filename="inc/iconpanel.hpp" />
		<Unit filename="inc/iconstore.hpp" />
		<Unit filename="inc/identify.hpp" />
		<Unit filename="inc/infopanel.hpp" />
		<Unit filename="inc/inn.hpp" />
		<Unit filename="inc/input.hpp" />
		<Unit filename="inc/inspect.hpp" />
		<Unit filename="inc/inventory.hpp" />
		<Unit filename="inc/inventorydisplay.hpp" />
		<Unit filename="inc/item.hpp" />
		<Unit filename="inc/itemdisplay.hpp" />
		<Unit filename="inc/itemstore.hpp" />
		<Unit filename="inc/itemtype.hpp" />
		<Unit filename="inc/keyboard.hpp" />
		<Unit filename="inc/layout.hpp" />
		<Unit filename="inc/legate.hpp" />
		<Unit filename="inc/level.hpp" />
		<Unit filename="inc/levelstore.hpp" />
		<Unit filename="inc/license.hpp" />
		<Unit filename="inc/loot.hpp" />
		<Unit filename="inc/macro.hpp" />
		<Unit filename="inc/main.hpp" />
		<Unit filename="inc/mainmenu.hpp" />
		<Unit filename="inc/map.hpp" />
		<Unit filename="inc/menu.hpp" />
		<Unit filename="inc/museum.hpp" />
		<Unit filename="inc/open.hpp" />
		<Unit filename="inc/options.hpp" />
		<Unit filename="inc/partypanel.hpp" />
		<Unit filename="inc/platform.hpp" />
		<Unit filename="inc/random.hpp" />
		<Unit filename="inc/read.hpp" />
		<Unit filename="inc/render.hpp" />
		<Unit filename="inc/reorder.hpp" />
		<Unit filename="inc/resourcemanager.hpp" />
		<Unit filename="inc/rest.hpp" />
		<Unit filename="inc/restart.hpp" />
		<Unit filename="inc/roster.hpp" />
		<Unit filename="inc/search.hpp" />
		<Unit filename="inc/searching.hpp" />
		<Unit filename="inc/sell.hpp" />
		<Unit filename="inc/shop.hpp" />
		<Unit filename="inc/spellbook.hpp" />
		<Unit filename="inc/spellpanel.hpp" />
		<Unit filename="inc/splash.hpp" />
		<Unit filename="inc/state.hpp" />
		<Unit filename="inc/statistics.hpp" />
		<Unit filename="inc/string.hpp" />
		<Unit filename="inc/system.hpp" />
		<Unit filename="inc/tavern.hpp" />
		<Unit filename="inc/teleport.hpp" />
		<Unit filename="inc/temple.hpp" />
		<Unit filename="inc/text.hpp" />
		<Unit filename="inc/textfile.hpp" />
		<Unit filename="inc/textpanel.hpp" />
		<Unit filename="inc/texturestore.hpp" />
		<Unit filename="inc/tile.hpp" />
		<Unit filename="inc/trade.hpp" />
		<Unit filename="inc/trap.hpp" />
		<Unit filename="inc/treasure.hpp" />
		<Unit filename="inc/type.hpp" />
		<Unit filename="inc/uncurse.hpp" />
		<Unit filename="inc/use.hpp" />
		<Unit filename="inc/view.hpp" />
		<Unit filename="inc/win.hpp" />
		<Unit filename="inc/window.hpp" />
		<Unit filename="inc/wish.hpp" />
		<Unit filename="src/core/CMakeLists.txt" />
		<Unit filename="src/core/animation.cpp" />
		<Unit filename="src/core/application.cpp" />
		<Unit filename="src/core/config.cpp" />
		<Unit filename="src/core/database.cpp" />
		<Unit filename="src/core/display.cpp" />
		<Unit filename="src/core/event.cpp" />
		<Unit filename="src/core/explore.cpp" />
		<Unit filename="src/core/file.cpp" />
		<Unit filename="src/core/game.cpp" />
		<Unit filename="src/core/graphics.cpp" />
		<Unit filename="src/core/iconstore.cpp" />
		<Unit filename="src/core/input.cpp" />
		<Unit filename="src/core/itemstore.cpp" />
		<Unit filename="src/core/layout.cpp" />
		<Unit filename="src/core/levelstore.cpp" />
		<Unit filename="src/core/platform.cpp" />
		<Unit filename="src/core/random.cpp" />
		<Unit filename="src/core/render.cpp" />
		<Unit filename="src/core/resourcemanager.cpp" />
		<Unit filename="src/core/state.cpp" />
		<Unit filename="src/core/string.cpp" />
		<Unit filename="src/core/system.cpp" />
		<Unit filename="src/core/textfile.cpp" />
		<Unit filename="src/core/texturestore.cpp" />
		<Unit filename="src/core/view.cpp" />
		<Unit filename="src/core/window.cpp" />
		<Unit filename="src/engine/CMakeLists.txt" />
		<Unit filename="src/engine/cast.cpp" />
		<Unit filename="src/engine/disarm.cpp" />
		<Unit filename="src/engine/drop.cpp" />
		<Unit filename="src/engine/encounter.cpp" />
		<Unit filename="src/engine/engine.cpp" />
		<Unit filename="src/engine/equip.cpp" />
		<Unit filename="src/engine/identify.cpp" />
		<Unit filename="src/engine/inspect.cpp" />
		<Unit filename="src/engine/inventory.cpp" />
		<Unit filename="src/engine/loot.cpp" />
		<Unit filename="src/engine/map.cpp" />
		<Unit filename="src/engine/open.cpp" />
		<Unit filename="src/engine/read.cpp" />
		<Unit filename="src/engine/reorder.cpp" />
		<Unit filename="src/engine/rest.cpp" />
		<Unit filename="src/engine/search.cpp" />
		<Unit filename="src/engine/searching.cpp" />
		<Unit filename="src/engine/spellbook.cpp" />
		<Unit filename="src/engine/teleport.cpp" />
		<Unit filename="src/engine/trade.cpp" />
		<Unit filename="src/engine/trap.cpp" />
		<Unit filename="src/engine/treasure.cpp" />
		<Unit filename="src/engine/uncurse.cpp" />
		<Unit filename="src/engine/use.cpp" />
		<Unit filename="src/engine/win.cpp" />
		<Unit filename="src/engine/wish.cpp" />
		<Unit filename="src/frontend/CMakeLists.txt" />
		<Unit filename="src/frontend/attractmode.cpp" />
		<Unit filename="src/frontend/banner.cpp" />
		<Unit filename="src/frontend/bestiary.cpp" />
		<Unit filename="src/frontend/compendium.cpp" />
		<Unit filename="src/frontend/gazetteer.cpp" />
		<Unit filename="src/frontend/license.cpp" />
		<Unit filename="src/frontend/mainmenu.cpp" />
		<Unit filename="src/frontend/museum.cpp" />
		<Unit filename="src/frontend/options.cpp" />
		<Unit filename="src/frontend/splash.cpp" />
		<Unit filename="src/frontend/statistics.cpp" />
		<Unit filename="src/gui/CMakeLists.txt" />
		<Unit filename="src/gui/allocatepanel.cpp" />
		<Unit filename="src/gui/attributedisplay.cpp" />
		<Unit filename="src/gui/automap.cpp" />
		<Unit filename="src/gui/buffbar.cpp" />
		<Unit filename="src/gui/characterdisplay.cpp" />
		<Unit filename="src/gui/characterpanel.cpp" />
		<Unit filename="src/gui/compass.cpp" />
		<Unit filename="src/gui/console.cpp" />
		<Unit filename="src/gui/controloverlay.cpp" />
		<Unit filename="src/gui/debuffbar.cpp" />
		<Unit filename="src/gui/dialog.cpp" />
		<Unit filename="src/gui/frame.cpp" />
		<Unit filename="src/gui/iconpanel.cpp" />
		<Unit filename="src/gui/infopanel.cpp" />
		<Unit filename="src/gui/inventorydisplay.cpp" />
		<Unit filename="src/gui/itemdisplay.cpp" />
		<Unit filename="src/gui/keyboard.cpp" />
		<Unit filename="src/gui/menu.cpp" />
		<Unit filename="src/gui/partypanel.cpp" />
		<Unit filename="src/gui/spellpanel.cpp" />
		<Unit filename="src/gui/textpanel.cpp" />
		<Unit filename="src/itemdefinition" />
		<Unit filename="src/main.cpp" />
		<Unit filename="src/modules/CMakeLists.txt" />
		<Unit filename="src/modules/buy.cpp" />
		<Unit filename="src/modules/castle.cpp" />
		<Unit filename="src/modules/changeclass.cpp" />
		<Unit filename="src/modules/changename.cpp" />
		<Unit filename="src/modules/create.cpp" />
		<Unit filename="src/modules/edgeoftown.cpp" />
		<Unit filename="src/modules/edit.cpp" />
		<Unit filename="src/modules/graveyard.cpp" />
		<Unit filename="src/modules/inn.cpp" />
		<Unit filename="src/modules/legate.cpp" />
		<Unit filename="src/modules/restart.cpp" />
		<Unit filename="src/modules/roster.cpp" />
		<Unit filename="src/modules/sell.cpp" />
		<Unit filename="src/modules/shop.cpp" />
		<Unit filename="src/modules/tavern.cpp" />
		<Unit filename="src/modules/temple.cpp" />
		<Unit filename="src/modules/training.cpp" />
		<Unit filename="src/types/CMakeLists.txt" />
		<Unit filename="src/types/character.cpp" />
		<Unit filename="src/types/component.cpp" />
		<Unit filename="src/types/error.cpp" />
		<Unit filename="src/types/item.cpp" />
		<Unit filename="src/types/itemtype.cpp" />
		<Unit filename="src/types/level.cpp" />
		<Unit filename="src/types/text.cpp" />
		<Unit filename="src/types/tile.cpp" />
		<Unit filename="vfx/menu.mp4" />
		<Extensions />
	</Project>
</CodeBlocks_project_file>
