<?xml version="1.0" encoding="UTF-8" standalone="yes" ?>
<CodeBlocks_project_file>
	<FileVersion major="1" minor="6" />
	<Project>
		<Option title="sorcery" />
		<Option pch_mode="2" />
		<Option compiler="gcc" />
		<Build>
			<Target title="Debug">
				<Option output="bin/debug/sorcery" prefix_auto="1" extension_auto="1" />
				<Option object_output="obj/debug/" />
				<Option type="1" />
				<Option compiler="gcc" />
				<Option parameters="--skip_intro" />
				<Compiler>
					<Add option="-pg" />
					<Add option="-g" />
				</Compiler>
				<Linker>
					<Add option="-pg" />
				</Linker>
			</Target>
			<Target title="Release">
				<Option output="bin/release/sorcery" prefix_auto="1" extension_auto="1" />
				<Option object_output="obj/release/" />
				<Option type="1" />
				<Option compiler="gcc" />
				<Compiler>
					<Add option="-O2" />
				</Compiler>
				<Linker>
					<Add option="-s" />
				</Linker>
			</Target>
		</Build>
		<Compiler>
			<Add option="-Winit-self" />
			<Add option="-Wredundant-decls" />
			<Add option="-Wcast-align" />
			<Add option="-Wunreachable-code" />
			<Add option="-Wmissing-declarations" />
			<Add option="-Wswitch-default" />
			<Add option="-pedantic" />
			<Add option="-Wfatal-errors" />
			<Add option="-Wextra" />
			<Add option="-Wall" />
			<Add option="-std=c++20" />
			<Add option="-g" />
			<Add option="-Wmissing-include-dirs" />
			<Add option="-pthread" />
			<Add option="-Wl,-rpath=/usr/local/lib" />
			<Add option="-fpic" />
			<Add option="-Wpedantic" />
			<Add option="-Wunused" />
			<Add option="-Wignored-qualifiers" />
			<Add option="-Wformat-nonliteral" />
			<Add option="-Wformat=2" />
			<Add option="-Winvalid-pch" />
			<Add option="-Wmissing-format-attribute" />
			<Add option="-Wodr" />
			<Add directory="inc" />
			<Add directory="inc/simpleini" />
			<Add directory="inc/sqlitemoderncpp" />
			<Add directory="inc/magicenum" />
			<Add directory="inc/backwardcpp" />
			<Add directory="inc/cereal" />
			<Add directory="inc/cereal/archives" />
			<Add directory="/usr/include/X11" />
		</Compiler>
		<Linker>
			<Add option="-lstdc++fs" />
			<Add option="-lX11" />
			<Add option="-lsfml-graphics" />
			<Add option="-lsfml-audio" />
			<Add option="-lsfml-network" />
			<Add option="-lsfml-window" />
			<Add option="-lsfml-system" />
			<Add option="-lsqlite3" />
			<Add option="-lsfeMovie" />
			<Add option="-ljsoncpp" />
			<Add option="-lthor" />
			<Add option="-lpthread" />
			<Add option="-lfmt" />
			<Add option="-luuid" />
			<Add option="-lbfd" />
			<Add option="-ldl" />
			<Add option="-ltgui" />
			<Add option="-lunwind" />
			<Add directory="inc/backwardcpp" />
		</Linker>
		<ExtraCommands>
			<Add after='mkdir -p &quot;$(TARGET_OUTPUT_DIR)/cfg&quot;' />
			<Add after='mkdir -p &quot;$(TARGET_OUTPUT_DIR)/dat&quot;' />
			<Add after='mkdir -p &quot;$(TARGET_OUTPUT_DIR)/doc&quot;' />
			<Add after='mkdir -p &quot;$(TARGET_OUTPUT_DIR)/gfx&quot;' />
			<Add after='mkdir -p &quot;$(TARGET_OUTPUT_DIR)/gui&quot;' />
			<Add after='mkdir -p &quot;$(TARGET_OUTPUT_DIR)/vfx&quot;' />
			<Add after='cp -r &quot;$(PROJECT_DIR)/cfg/&quot;* &quot;$(TARGET_OUTPUT_DIR)/cfg/&quot;' />
			<Add after='cp -r &quot;$(PROJECT_DIR)/dat/&quot;* &quot;$(TARGET_OUTPUT_DIR)/dat/&quot;' />
			<Add after='cp -r &quot;$(PROJECT_DIR)/doc/&quot;* &quot;$(TARGET_OUTPUT_DIR)/doc/&quot;' />
			<Add after='cp -r &quot;$(PROJECT_DIR)/gfx/&quot;* &quot;$(TARGET_OUTPUT_DIR)/gfx/&quot;' />
			<Add after='cp -r &quot;$(PROJECT_DIR)/gui/&quot;* &quot;$(TARGET_OUTPUT_DIR)/gui/&quot;' />
			<Add after='cp -r &quot;$(PROJECT_DIR)/vfx/&quot;* &quot;$(TARGET_OUTPUT_DIR)/vfx/&quot;' />
			<Mode after="always" />
		</ExtraCommands>
		<Unit filename="cfg/config.ini" />
		<Unit filename="dat/explain.json" />
		<Unit filename="dat/icons.json" />
		<Unit filename="dat/layout.json" />
		<Unit filename="dat/layout.txt" />
		<Unit filename="dat/monospace.otf" />
		<Unit filename="dat/proportional.ttf" />
		<Unit filename="dat/sorcery.db3" />
		<Unit filename="dat/strings.json" />
		<Unit filename="doc/COMPILE" />
		<Unit filename="doc/HELP" />
		<Unit filename="doc/LICENSE" />
		<Unit filename="doc/README" />
		<Unit filename="doc/VERSION" />
		<Unit filename="gfx/background.png" />
		<Unit filename="gfx/banner.png" />
		<Unit filename="gfx/controls.png" />
		<Unit filename="gfx/creatures.png" />
		<Unit filename="gfx/icons.png" />
		<Unit filename="gfx/logo.png" />
		<Unit filename="gfx/ninepatch.png" />
		<Unit filename="gfx/potraits.png" />
		<Unit filename="gfx/splash.png" />
		<Unit filename="gfx/town.png" />
		<Unit filename="gfx/ui.png" />
		<Unit filename="inc/allocatepanel.hpp" />
		<Unit filename="inc/animation.hpp" />
		<Unit filename="inc/application.hpp" />
		<Unit filename="inc/attractmode.hpp" />
		<Unit filename="inc/attributedisplay.hpp" />
		<Unit filename="inc/backwardcpp/backward.hpp" />
		<Unit filename="inc/banner.hpp" />
		<Unit filename="inc/castle.hpp" />
		<Unit filename="inc/changeclass.hpp" />
		<Unit filename="inc/changename.hpp" />
		<Unit filename="inc/character.hpp" />
		<Unit filename="inc/characterpanel.hpp" />
		<Unit filename="inc/charactersummary.hpp" />
		<Unit filename="inc/compendium.hpp" />
		<Unit filename="inc/component.hpp" />
		<Unit filename="inc/config.hpp" />
		<Unit filename="inc/confirm.hpp" />
		<Unit filename="inc/controloverlay.hpp" />
		<Unit filename="inc/create.hpp" />
		<Unit filename="inc/database.hpp" />
		<Unit filename="inc/define.hpp" />
		<Unit filename="inc/dialog.hpp" />
		<Unit filename="inc/display.hpp" />
		<Unit filename="inc/edgeoftown.hpp" />
		<Unit filename="inc/edit.hpp" />
		<Unit filename="inc/engine.hpp" />
		<Unit filename="inc/enum.hpp" />
		<Unit filename="inc/error.hpp" />
		<Unit filename="inc/file.hpp" />
		<Unit filename="inc/frame.hpp" />
		<Unit filename="inc/game.hpp" />
		<Unit filename="inc/graphics.hpp" />
		<Unit filename="inc/iconstore.hpp" />
		<Unit filename="inc/infopanel.hpp" />
		<Unit filename="inc/inn.hpp" />
		<Unit filename="inc/input.hpp" />
		<Unit filename="inc/inspect.hpp" />
		<Unit filename="inc/keyboard.hpp" />
		<Unit filename="inc/layout.hpp" />
		<Unit filename="inc/legate.hpp" />
		<Unit filename="inc/license.hpp" />
		<Unit filename="inc/macro.hpp" />
		<Unit filename="inc/main.hpp" />
		<Unit filename="inc/mainmenu.hpp" />
		<Unit filename="inc/manage.hpp" />
		<Unit filename="inc/map.hpp" />
		<Unit filename="inc/menu.hpp" />
		<Unit filename="inc/options.hpp" />
		<Unit filename="inc/platform.hpp" />
		<Unit filename="inc/random.hpp" />
		<Unit filename="inc/render.hpp" />
		<Unit filename="inc/reorder.hpp" />
		<Unit filename="inc/resourcemanager.hpp" />
		<Unit filename="inc/roster.hpp" />
		<Unit filename="inc/shop.hpp" />
		<Unit filename="inc/spellpanel.hpp" />
		<Unit filename="inc/splash.hpp" />
		<Unit filename="inc/state.hpp" />
		<Unit filename="inc/statusbar.hpp" />
		<Unit filename="inc/string.hpp" />
		<Unit filename="inc/system.hpp" />
		<Unit filename="inc/tavern.hpp" />
		<Unit filename="inc/temple.hpp" />
		<Unit filename="inc/textfile.hpp" />
		<Unit filename="inc/texturestore.hpp" />
		<Unit filename="inc/tile.hpp" />
		<Unit filename="inc/type.hpp" />
		<Unit filename="inc/window.hpp" />
		<Unit filename="inc/world.hpp" />
		<Unit filename="src/allocatepanel.cpp" />
		<Unit filename="src/animation.cpp" />
		<Unit filename="src/application.cpp" />
		<Unit filename="src/attractmode.cpp" />
		<Unit filename="src/attributedisplay.cpp" />
		<Unit filename="src/banner.cpp" />
		<Unit filename="src/castle.cpp" />
		<Unit filename="src/changeclass.cpp" />
		<Unit filename="src/changename.cpp" />
		<Unit filename="src/character.cpp" />
		<Unit filename="src/characterpanel.cpp" />
		<Unit filename="src/charactersummary.cpp" />
		<Unit filename="src/compendium.cpp" />
		<Unit filename="src/component.cpp" />
		<Unit filename="src/config.cpp" />
		<Unit filename="src/confirm.cpp" />
		<Unit filename="src/controloverlay.cpp" />
		<Unit filename="src/create.cpp" />
		<Unit filename="src/database.cpp" />
		<Unit filename="src/dialog.cpp" />
		<Unit filename="src/display.cpp" />
		<Unit filename="src/edgeoftown.cpp" />
		<Unit filename="src/edit.cpp" />
		<Unit filename="src/engine.cpp" />
		<Unit filename="src/error.cpp" />
		<Unit filename="src/file.cpp" />
		<Unit filename="src/frame.cpp" />
		<Unit filename="src/game.cpp" />
		<Unit filename="src/graphics.cpp" />
		<Unit filename="src/iconstore.cpp" />
		<Unit filename="src/infopanel.cpp" />
		<Unit filename="src/inn.cpp" />
		<Unit filename="src/input.cpp" />
		<Unit filename="src/inspect.cpp" />
		<Unit filename="src/keyboard.cpp" />
		<Unit filename="src/layout.cpp" />
		<Unit filename="src/legate.cpp" />
		<Unit filename="src/license.cpp" />
		<Unit filename="src/main.cpp" />
		<Unit filename="src/mainmenu.cpp" />
		<Unit filename="src/manage.cpp" />
		<Unit filename="src/map.cpp" />
		<Unit filename="src/menu.cpp" />
		<Unit filename="src/options.cpp" />
		<Unit filename="src/platform.cpp" />
		<Unit filename="src/random.cpp" />
		<Unit filename="src/render.cpp" />
		<Unit filename="src/reorder.cpp" />
		<Unit filename="src/resourcemanager.cpp" />
		<Unit filename="src/roster.cpp" />
		<Unit filename="src/shop.cpp" />
		<Unit filename="src/spellpanel.cpp" />
		<Unit filename="src/splash.cpp" />
		<Unit filename="src/state.cpp" />
		<Unit filename="src/statusbar.cpp" />
		<Unit filename="src/string.cpp" />
		<Unit filename="src/system.cpp" />
		<Unit filename="src/tavern.cpp" />
		<Unit filename="src/temple.cpp" />
		<Unit filename="src/textfile.cpp" />
		<Unit filename="src/texturestore.cpp" />
		<Unit filename="src/tile.cpp" />
		<Unit filename="src/training.cpp" />
		<Unit filename="src/window.cpp" />
		<Unit filename="src/world.cpp" />
		<Unit filename="vfx/menu.mp4" />
		<Extensions />
	</Project>
</CodeBlocks_project_file>
